
Microsoft Visual Studio Solution File, Format Version 12.00
# Visual Studio 15
VisualStudioVersion = 15.0.27703.2035
MinimumVisualStudioVersion = 10.0.40219.1
Project("{FAE04EC0-301F-11D3-BF4B-00C04F79EFBC}") = "CSharpVarConstExampleConsoleApp", "CSharpVarConstExampleConsoleApp\CSharpVarConstExampleConsoleApp.csproj", "{48EA90C4-1673-4D4E-9E18-674A79E70852}"
EndProject
Global
	GlobalSection(SolutionConfigurationPlatforms) = preSolution
		Debug|Any CPU = Debug|Any CPU
		Release|Any CPU = Release|Any CPU
	EndGlobalSection
	GlobalSection(ProjectConfigurationPlatforms) = postSolution
		{48EA90C4-1673-4D4E-9E18-674A79E70852}.Debug|Any CPU.ActiveCfg = Debug|Any CPU
		{48EA90C4-1673-4D4E-9E18-674A79E70852}.Debug|Any CPU.Build.0 = Debug|Any CPU
		{48EA90C4-1673-4D4E-9E18-674A79E70852}.Release|Any CPU.ActiveCfg = Release|Any CPU
		{48EA90C4-1673-4D4E-9E18-674A79E70852}.Release|Any CPU.Build.0 = Release|Any CPU
	EndGlobalSection
	GlobalSection(SolutionProperties) = preSolution
		HideSolutionNode = FALSE
	EndGlobalSection
	GlobalSection(ExtensibilityGlobals) = postSolution
		SolutionGuid = {4C7670C8-6FB8-4479-A130-26ECC8FD6FA6}
	EndGlobalSection
EndGlobal
